// !$*UTF8*$!
{
	archiveVersion = 1;
	classes = {
	};
	objectVersion = 50;
	objects = {

/* Begin PBXBuildFile section */
		8626E0FA22E37D2400E563A8 /* RatesListView.swift in Sources */ = {isa = PBXBuildFile; fileRef = 8626E0F922E37D2400E563A8 /* RatesListView.swift */; };
		8626E0FE22E3850900E563A8 /* ValuesDescriptionView.swift in Sources */ = {isa = PBXBuildFile; fileRef = 8626E0FD22E3850900E563A8 /* ValuesDescriptionView.swift */; };
		8626E10022E38BF200E563A8 /* RateView.swift in Sources */ = {isa = PBXBuildFile; fileRef = 8626E0FF22E38BF200E563A8 /* RateView.swift */; };
		8626E10222E38DC500E563A8 /* RateViewModel.swift in Sources */ = {isa = PBXBuildFile; fileRef = 8626E10122E38DC500E563A8 /* RateViewModel.swift */; };
		8649196822E3600B00ACAE24 /* CardDetailTopBarView.swift in Sources */ = {isa = PBXBuildFile; fileRef = 8649196722E3600B00ACAE24 /* CardDetailTopBarView.swift */; };
		865002D622DE87F2002C7605 /* AppDelegate.swift in Sources */ = {isa = PBXBuildFile; fileRef = 865002D522DE87F2002C7605 /* AppDelegate.swift */; };
		865002DF22DE87F3002C7605 /* Assets.xcassets in Resources */ = {isa = PBXBuildFile; fileRef = 865002DE22DE87F3002C7605 /* Assets.xcassets */; };
		865002E522DE87F3002C7605 /* LaunchScreen.storyboard in Resources */ = {isa = PBXBuildFile; fileRef = 865002E322DE87F3002C7605 /* LaunchScreen.storyboard */; };
		865002F022DE87F3002C7605 /* MiSaldoTests.swift in Sources */ = {isa = PBXBuildFile; fileRef = 865002EF22DE87F3002C7605 /* MiSaldoTests.swift */; };
		865002FB22DE87F3002C7605 /* MiSaldoUITests.swift in Sources */ = {isa = PBXBuildFile; fileRef = 865002FA22DE87F3002C7605 /* MiSaldoUITests.swift */; };
		866C1D0E22E00BF900EB2AB6 /* CardIDLabelView.swift in Sources */ = {isa = PBXBuildFile; fileRef = 866C1D0D22E00BF900EB2AB6 /* CardIDLabelView.swift */; };
		866C1D1022E00EEE00EB2AB6 /* CardGeneralInfoView.swift in Sources */ = {isa = PBXBuildFile; fileRef = 866C1D0F22E00EEE00EB2AB6 /* CardGeneralInfoView.swift */; };
		866C1D1422E0186E00EB2AB6 /* PrimaryButton.swift in Sources */ = {isa = PBXBuildFile; fileRef = 866C1D1322E0186E00EB2AB6 /* PrimaryButton.swift */; };
		866C1D1622E0192F00EB2AB6 /* SecondaryButton.swift in Sources */ = {isa = PBXBuildFile; fileRef = 866C1D1522E0192F00EB2AB6 /* SecondaryButton.swift */; };
		86730EBB22DE891F00B79331 /* SceneDelegate.swift in Sources */ = {isa = PBXBuildFile; fileRef = 86730EBA22DE891E00B79331 /* SceneDelegate.swift */; };
		86730EC722DE894E00B79331 /* CardViewModel.swift in Sources */ = {isa = PBXBuildFile; fileRef = 86730EC222DE894E00B79331 /* CardViewModel.swift */; };
		86730EC822DE894E00B79331 /* CardView.swift in Sources */ = {isa = PBXBuildFile; fileRef = 86730EC322DE894E00B79331 /* CardView.swift */; };
		86730EC922DE894E00B79331 /* CardsStackView.swift in Sources */ = {isa = PBXBuildFile; fileRef = 86730EC422DE894E00B79331 /* CardsStackView.swift */; };
		86730ECA22DE894E00B79331 /* BalanceView.swift in Sources */ = {isa = PBXBuildFile; fileRef = 86730EC522DE894E00B79331 /* BalanceView.swift */; };
		86730ECD22DE896300B79331 /* Colors.xcassets in Resources */ = {isa = PBXBuildFile; fileRef = 86730ECC22DE896300B79331 /* Colors.xcassets */; };
		86D82DDB22DE9D5A00367AFA /* Store.swift in Sources */ = {isa = PBXBuildFile; fileRef = 86D82DDA22DE9D5A00367AFA /* Store.swift */; };
		86D82DDD22DE9DB700367AFA /* ViewState.swift in Sources */ = {isa = PBXBuildFile; fileRef = 86D82DDC22DE9DB700367AFA /* ViewState.swift */; };
		86D82DE222DE9F5C00367AFA /* HomeStore.swift in Sources */ = {isa = PBXBuildFile; fileRef = 86D82DE122DE9F5C00367AFA /* HomeStore.swift */; };
		86D82DE522DE9FDA00367AFA /* HomeState.swift in Sources */ = {isa = PBXBuildFile; fileRef = 86D82DE422DE9FDA00367AFA /* HomeState.swift */; };
		86D82DE722DEA5F800367AFA /* ViewActions.swift in Sources */ = {isa = PBXBuildFile; fileRef = 86D82DE622DEA5F800367AFA /* ViewActions.swift */; };
		86D82DE922DEB01700367AFA /* HomeView.swift in Sources */ = {isa = PBXBuildFile; fileRef = 86D82DE822DEB01700367AFA /* HomeView.swift */; };
		86D82DEB22DEC18900367AFA /* HomeActions.swift in Sources */ = {isa = PBXBuildFile; fileRef = 86D82DEA22DEC18900367AFA /* HomeActions.swift */; };
		86D82DEF22DEC39C00367AFA /* CardsDetailView.swift in Sources */ = {isa = PBXBuildFile; fileRef = 86D82DEE22DEC39C00367AFA /* CardsDetailView.swift */; };
		86D82DF122DEC74200367AFA /* ValueDescriptionView.swift in Sources */ = {isa = PBXBuildFile; fileRef = 86D82DF022DEC74200367AFA /* ValueDescriptionView.swift */; };
/* End PBXBuildFile section */

/* Begin PBXContainerItemProxy section */
		865002EC22DE87F3002C7605 /* PBXContainerItemProxy */ = {
			isa = PBXContainerItemProxy;
			containerPortal = 865002CA22DE87F2002C7605 /* Project object */;
			proxyType = 1;
			remoteGlobalIDString = 865002D122DE87F2002C7605;
			remoteInfo = MiSaldo;
		};
		865002F722DE87F3002C7605 /* PBXContainerItemProxy */ = {
			isa = PBXContainerItemProxy;
			containerPortal = 865002CA22DE87F2002C7605 /* Project object */;
			proxyType = 1;
			remoteGlobalIDString = 865002D122DE87F2002C7605;
			remoteInfo = MiSaldo;
		};
/* End PBXContainerItemProxy section */

/* Begin PBXFileReference section */
		8626E0F922E37D2400E563A8 /* RatesListView.swift */ = {isa = PBXFileReference; lastKnownFileType = sourcecode.swift; path = RatesListView.swift; sourceTree = "<group>"; };
		8626E0FD22E3850900E563A8 /* ValuesDescriptionView.swift */ = {isa = PBXFileReference; lastKnownFileType = sourcecode.swift; path = ValuesDescriptionView.swift; sourceTree = "<group>"; };
		8626E0FF22E38BF200E563A8 /* RateView.swift */ = {isa = PBXFileReference; lastKnownFileType = sourcecode.swift; path = RateView.swift; sourceTree = "<group>"; };
		8626E10122E38DC500E563A8 /* RateViewModel.swift */ = {isa = PBXFileReference; lastKnownFileType = sourcecode.swift; path = RateViewModel.swift; sourceTree = "<group>"; };
		8649196722E3600B00ACAE24 /* CardDetailTopBarView.swift */ = {isa = PBXFileReference; lastKnownFileType = sourcecode.swift; path = CardDetailTopBarView.swift; sourceTree = "<group>"; };
		865002D222DE87F2002C7605 /* MiSaldo.app */ = {isa = PBXFileReference; explicitFileType = wrapper.application; includeInIndex = 0; path = MiSaldo.app; sourceTree = BUILT_PRODUCTS_DIR; };
		865002D522DE87F2002C7605 /* AppDelegate.swift */ = {isa = PBXFileReference; lastKnownFileType = sourcecode.swift; path = AppDelegate.swift; sourceTree = "<group>"; };
		865002DE22DE87F3002C7605 /* Assets.xcassets */ = {isa = PBXFileReference; lastKnownFileType = folder.assetcatalog; path = Assets.xcassets; sourceTree = "<group>"; };
		865002E422DE87F3002C7605 /* Base */ = {isa = PBXFileReference; lastKnownFileType = file.storyboard; name = Base; path = Base.lproj/LaunchScreen.storyboard; sourceTree = "<group>"; };
		865002E622DE87F3002C7605 /* Info.plist */ = {isa = PBXFileReference; lastKnownFileType = text.plist.xml; path = Info.plist; sourceTree = "<group>"; };
		865002EB22DE87F3002C7605 /* MiSaldoTests.xctest */ = {isa = PBXFileReference; explicitFileType = wrapper.cfbundle; includeInIndex = 0; path = MiSaldoTests.xctest; sourceTree = BUILT_PRODUCTS_DIR; };
		865002EF22DE87F3002C7605 /* MiSaldoTests.swift */ = {isa = PBXFileReference; lastKnownFileType = sourcecode.swift; path = MiSaldoTests.swift; sourceTree = "<group>"; };
		865002F122DE87F3002C7605 /* Info.plist */ = {isa = PBXFileReference; lastKnownFileType = text.plist.xml; path = Info.plist; sourceTree = "<group>"; };
		865002F622DE87F3002C7605 /* MiSaldoUITests.xctest */ = {isa = PBXFileReference; explicitFileType = wrapper.cfbundle; includeInIndex = 0; path = MiSaldoUITests.xctest; sourceTree = BUILT_PRODUCTS_DIR; };
		865002FA22DE87F3002C7605 /* MiSaldoUITests.swift */ = {isa = PBXFileReference; lastKnownFileType = sourcecode.swift; path = MiSaldoUITests.swift; sourceTree = "<group>"; };
		865002FC22DE87F3002C7605 /* Info.plist */ = {isa = PBXFileReference; lastKnownFileType = text.plist.xml; path = Info.plist; sourceTree = "<group>"; };
		866C1D0D22E00BF900EB2AB6 /* CardIDLabelView.swift */ = {isa = PBXFileReference; lastKnownFileType = sourcecode.swift; path = CardIDLabelView.swift; sourceTree = "<group>"; };
		866C1D0F22E00EEE00EB2AB6 /* CardGeneralInfoView.swift */ = {isa = PBXFileReference; lastKnownFileType = sourcecode.swift; path = CardGeneralInfoView.swift; sourceTree = "<group>"; };
		866C1D1322E0186E00EB2AB6 /* PrimaryButton.swift */ = {isa = PBXFileReference; lastKnownFileType = sourcecode.swift; path = PrimaryButton.swift; sourceTree = "<group>"; };
		866C1D1522E0192F00EB2AB6 /* SecondaryButton.swift */ = {isa = PBXFileReference; lastKnownFileType = sourcecode.swift; path = SecondaryButton.swift; sourceTree = "<group>"; };
		86730EBA22DE891E00B79331 /* SceneDelegate.swift */ = {isa = PBXFileReference; fileEncoding = 4; lastKnownFileType = sourcecode.swift; path = SceneDelegate.swift; sourceTree = "<group>"; };
		86730EC222DE894E00B79331 /* CardViewModel.swift */ = {isa = PBXFileReference; fileEncoding = 4; lastKnownFileType = sourcecode.swift; path = CardViewModel.swift; sourceTree = "<group>"; };
		86730EC322DE894E00B79331 /* CardView.swift */ = {isa = PBXFileReference; fileEncoding = 4; lastKnownFileType = sourcecode.swift; path = CardView.swift; sourceTree = "<group>"; };
		86730EC422DE894E00B79331 /* CardsStackView.swift */ = {isa = PBXFileReference; fileEncoding = 4; lastKnownFileType = sourcecode.swift; path = CardsStackView.swift; sourceTree = "<group>"; };
		86730EC522DE894E00B79331 /* BalanceView.swift */ = {isa = PBXFileReference; fileEncoding = 4; lastKnownFileType = sourcecode.swift; path = BalanceView.swift; sourceTree = "<group>"; };
		86730ECC22DE896300B79331 /* Colors.xcassets */ = {isa = PBXFileReference; lastKnownFileType = folder.assetcatalog; path = Colors.xcassets; sourceTree = "<group>"; };
		86D82DDA22DE9D5A00367AFA /* Store.swift */ = {isa = PBXFileReference; lastKnownFileType = sourcecode.swift; path = Store.swift; sourceTree = "<group>"; };
		86D82DDC22DE9DB700367AFA /* ViewState.swift */ = {isa = PBXFileReference; lastKnownFileType = sourcecode.swift; path = ViewState.swift; sourceTree = "<group>"; };
		86D82DE122DE9F5C00367AFA /* HomeStore.swift */ = {isa = PBXFileReference; lastKnownFileType = sourcecode.swift; path = HomeStore.swift; sourceTree = "<group>"; };
		86D82DE422DE9FDA00367AFA /* HomeState.swift */ = {isa = PBXFileReference; lastKnownFileType = sourcecode.swift; path = HomeState.swift; sourceTree = "<group>"; };
		86D82DE622DEA5F800367AFA /* ViewActions.swift */ = {isa = PBXFileReference; lastKnownFileType = sourcecode.swift; path = ViewActions.swift; sourceTree = "<group>"; };
		86D82DE822DEB01700367AFA /* HomeView.swift */ = {isa = PBXFileReference; lastKnownFileType = sourcecode.swift; path = HomeView.swift; sourceTree = "<group>"; };
		86D82DEA22DEC18900367AFA /* HomeActions.swift */ = {isa = PBXFileReference; lastKnownFileType = sourcecode.swift; path = HomeActions.swift; sourceTree = "<group>"; };
		86D82DEE22DEC39C00367AFA /* CardsDetailView.swift */ = {isa = PBXFileReference; lastKnownFileType = sourcecode.swift; path = CardsDetailView.swift; sourceTree = "<group>"; };
		86D82DF022DEC74200367AFA /* ValueDescriptionView.swift */ = {isa = PBXFileReference; lastKnownFileType = sourcecode.swift; path = ValueDescriptionView.swift; sourceTree = "<group>"; };
/* End PBXFileReference section */

/* Begin PBXFrameworksBuildPhase section */
		865002CF22DE87F2002C7605 /* Frameworks */ = {
			isa = PBXFrameworksBuildPhase;
			buildActionMask = 2147483647;
			files = (
			);
			runOnlyForDeploymentPostprocessing = 0;
		};
		865002E822DE87F3002C7605 /* Frameworks */ = {
			isa = PBXFrameworksBuildPhase;
			buildActionMask = 2147483647;
			files = (
			);
			runOnlyForDeploymentPostprocessing = 0;
		};
		865002F322DE87F3002C7605 /* Frameworks */ = {
			isa = PBXFrameworksBuildPhase;
			buildActionMask = 2147483647;
			files = (
			);
			runOnlyForDeploymentPostprocessing = 0;
		};
/* End PBXFrameworksBuildPhase section */

/* Begin PBXGroup section */
		8626E0F722E379AA00E563A8 /* UI */ = {
			isa = PBXGroup;
			children = (
				8626E0FC22E384EC00E563A8 /* ValueDescription */,
				8626E0F822E379BE00E563A8 /* Buttons */,
			);
			path = UI;
			sourceTree = "<group>";
		};
		8626E0F822E379BE00E563A8 /* Buttons */ = {
			isa = PBXGroup;
			children = (
				866C1D1322E0186E00EB2AB6 /* PrimaryButton.swift */,
				866C1D1522E0192F00EB2AB6 /* SecondaryButton.swift */,
			);
			path = Buttons;
			sourceTree = "<group>";
		};
		8626E0FB22E37D5900E563A8 /* RatesList */ = {
			isa = PBXGroup;
			children = (
				8626E0F922E37D2400E563A8 /* RatesListView.swift */,
				8626E0FF22E38BF200E563A8 /* RateView.swift */,
				8626E10122E38DC500E563A8 /* RateViewModel.swift */,
			);
			path = RatesList;
			sourceTree = "<group>";
		};
		8626E0FC22E384EC00E563A8 /* ValueDescription */ = {
			isa = PBXGroup;
			children = (
				86D82DF022DEC74200367AFA /* ValueDescriptionView.swift */,
				8626E0FD22E3850900E563A8 /* ValuesDescriptionView.swift */,
			);
			path = ValueDescription;
			sourceTree = "<group>";
		};
		8649196922E3774E00ACAE24 /* Redux */ = {
			isa = PBXGroup;
			children = (
				86D82DDA22DE9D5A00367AFA /* Store.swift */,
				86D82DDC22DE9DB700367AFA /* ViewState.swift */,
				86D82DE622DEA5F800367AFA /* ViewActions.swift */,
			);
			path = Redux;
			sourceTree = "<group>";
		};
		865002C922DE87F2002C7605 = {
			isa = PBXGroup;
			children = (
				865002D422DE87F2002C7605 /* MiSaldo */,
				865002EE22DE87F3002C7605 /* MiSaldoTests */,
				865002F922DE87F3002C7605 /* MiSaldoUITests */,
				865002D322DE87F2002C7605 /* Products */,
			);
			sourceTree = "<group>";
		};
		865002D322DE87F2002C7605 /* Products */ = {
			isa = PBXGroup;
			children = (
				865002D222DE87F2002C7605 /* MiSaldo.app */,
				865002EB22DE87F3002C7605 /* MiSaldoTests.xctest */,
				865002F622DE87F3002C7605 /* MiSaldoUITests.xctest */,
			);
			name = Products;
			sourceTree = "<group>";
		};
		865002D422DE87F2002C7605 /* MiSaldo */ = {
			isa = PBXGroup;
			children = (
				865002E622DE87F3002C7605 /* Info.plist */,
				8650030822DE8837002C7605 /* App Delegates */,
				8650030922DE884E002C7605 /* Assets */,
				86D82DD722DE9D3700367AFA /* Core */,
				86730EBF22DE894E00B79331 /* Model */,
				86D82DDE22DE9EA900367AFA /* Project */,
			);
			path = MiSaldo;
			sourceTree = "<group>";
		};
		865002EE22DE87F3002C7605 /* MiSaldoTests */ = {
			isa = PBXGroup;
			children = (
				865002EF22DE87F3002C7605 /* MiSaldoTests.swift */,
				865002F122DE87F3002C7605 /* Info.plist */,
			);
			path = MiSaldoTests;
			sourceTree = "<group>";
		};
		865002F922DE87F3002C7605 /* MiSaldoUITests */ = {
			isa = PBXGroup;
			children = (
				865002FA22DE87F3002C7605 /* MiSaldoUITests.swift */,
				865002FC22DE87F3002C7605 /* Info.plist */,
			);
			path = MiSaldoUITests;
			sourceTree = "<group>";
		};
		8650030822DE8837002C7605 /* App Delegates */ = {
			isa = PBXGroup;
			children = (
				865002D522DE87F2002C7605 /* AppDelegate.swift */,
				86730EBA22DE891E00B79331 /* SceneDelegate.swift */,
			);
			path = "App Delegates";
			sourceTree = "<group>";
		};
		8650030922DE884E002C7605 /* Assets */ = {
			isa = PBXGroup;
			children = (
				86730ECC22DE896300B79331 /* Colors.xcassets */,
				865002E322DE87F3002C7605 /* LaunchScreen.storyboard */,
				865002DE22DE87F3002C7605 /* Assets.xcassets */,
			);
			path = Assets;
			sourceTree = "<group>";
		};
		866C1D0C22E00BE300EB2AB6 /* Card */ = {
			isa = PBXGroup;
			children = (
				86730EC522DE894E00B79331 /* BalanceView.swift */,
				86730EC322DE894E00B79331 /* CardView.swift */,
				86730EC222DE894E00B79331 /* CardViewModel.swift */,
				866C1D0D22E00BF900EB2AB6 /* CardIDLabelView.swift */,
			);
			path = Card;
			sourceTree = "<group>";
		};
		866C1D1222E00F0000EB2AB6 /* CardGeneralInfoView */ = {
			isa = PBXGroup;
			children = (
				866C1D0F22E00EEE00EB2AB6 /* CardGeneralInfoView.swift */,
			);
			path = CardGeneralInfoView;
			sourceTree = "<group>";
		};
		86730EBF22DE894E00B79331 /* Model */ = {
			isa = PBXGroup;
			children = (
			);
			path = Model;
			sourceTree = "<group>";
		};
		86730EC122DE894E00B79331 /* CardsStackView */ = {
			isa = PBXGroup;
			children = (
				86730EC422DE894E00B79331 /* CardsStackView.swift */,
				866C1D0C22E00BE300EB2AB6 /* Card */,
			);
			path = CardsStackView;
			sourceTree = "<group>";
		};
		86D82DD722DE9D3700367AFA /* Core */ = {
			isa = PBXGroup;
			children = (
				8626E0F722E379AA00E563A8 /* UI */,
				8649196922E3774E00ACAE24 /* Redux */,
			);
			path = Core;
			sourceTree = "<group>";
		};
		86D82DDE22DE9EA900367AFA /* Project */ = {
			isa = PBXGroup;
			children = (
				86D82DDF22DE9F0D00367AFA /* Home */,
			);
			path = Project;
			sourceTree = "<group>";
		};
		86D82DDF22DE9F0D00367AFA /* Home */ = {
			isa = PBXGroup;
			children = (
				86D82DEC22DEC1B300367AFA /* Views */,
				86D82DE022DE9F1C00367AFA /* Store */,
			);
			path = Home;
			sourceTree = "<group>";
		};
		86D82DE022DE9F1C00367AFA /* Store */ = {
			isa = PBXGroup;
			children = (
				86D82DE122DE9F5C00367AFA /* HomeStore.swift */,
				86D82DE422DE9FDA00367AFA /* HomeState.swift */,
				86D82DEA22DEC18900367AFA /* HomeActions.swift */,
			);
			path = Store;
			sourceTree = "<group>";
		};
		86D82DEC22DEC1B300367AFA /* Views */ = {
			isa = PBXGroup;
			children = (
				86D82DE822DEB01700367AFA /* HomeView.swift */,
				86D82DED22DEC37C00367AFA /* CardsDetailView */,
			);
			path = Views;
			sourceTree = "<group>";
		};
		86D82DED22DEC37C00367AFA /* CardsDetailView */ = {
			isa = PBXGroup;
			children = (
				8649196722E3600B00ACAE24 /* CardDetailTopBarView.swift */,
				86D82DEE22DEC39C00367AFA /* CardsDetailView.swift */,
				8626E0FB22E37D5900E563A8 /* RatesList */,
				866C1D1222E00F0000EB2AB6 /* CardGeneralInfoView */,
				86730EC122DE894E00B79331 /* CardsStackView */,
			);
			path = CardsDetailView;
			sourceTree = "<group>";
		};
/* End PBXGroup section */

/* Begin PBXNativeTarget section */
		865002D122DE87F2002C7605 /* MiSaldo */ = {
			isa = PBXNativeTarget;
			buildConfigurationList = 865002FF22DE87F3002C7605 /* Build configuration list for PBXNativeTarget "MiSaldo" */;
			buildPhases = (
				865002CE22DE87F2002C7605 /* Sources */,
				865002CF22DE87F2002C7605 /* Frameworks */,
				865002D022DE87F2002C7605 /* Resources */,
			);
			buildRules = (
			);
			dependencies = (
			);
			name = MiSaldo;
			productName = MiSaldo;
			productReference = 865002D222DE87F2002C7605 /* MiSaldo.app */;
			productType = "com.apple.product-type.application";
		};
		865002EA22DE87F3002C7605 /* MiSaldoTests */ = {
			isa = PBXNativeTarget;
			buildConfigurationList = 8650030222DE87F3002C7605 /* Build configuration list for PBXNativeTarget "MiSaldoTests" */;
			buildPhases = (
				865002E722DE87F3002C7605 /* Sources */,
				865002E822DE87F3002C7605 /* Frameworks */,
				865002E922DE87F3002C7605 /* Resources */,
			);
			buildRules = (
			);
			dependencies = (
				865002ED22DE87F3002C7605 /* PBXTargetDependency */,
			);
			name = MiSaldoTests;
			productName = MiSaldoTests;
			productReference = 865002EB22DE87F3002C7605 /* MiSaldoTests.xctest */;
			productType = "com.apple.product-type.bundle.unit-test";
		};
		865002F522DE87F3002C7605 /* MiSaldoUITests */ = {
			isa = PBXNativeTarget;
			buildConfigurationList = 8650030522DE87F3002C7605 /* Build configuration list for PBXNativeTarget "MiSaldoUITests" */;
			buildPhases = (
				865002F222DE87F3002C7605 /* Sources */,
				865002F322DE87F3002C7605 /* Frameworks */,
				865002F422DE87F3002C7605 /* Resources */,
			);
			buildRules = (
			);
			dependencies = (
				865002F822DE87F3002C7605 /* PBXTargetDependency */,
			);
			name = MiSaldoUITests;
			productName = MiSaldoUITests;
			productReference = 865002F622DE87F3002C7605 /* MiSaldoUITests.xctest */;
			productType = "com.apple.product-type.bundle.ui-testing";
		};
/* End PBXNativeTarget section */

/* Begin PBXProject section */
		865002CA22DE87F2002C7605 /* Project object */ = {
			isa = PBXProject;
			attributes = {
				LastSwiftUpdateCheck = 1100;
				LastUpgradeCheck = 1100;
				ORGANIZATIONNAME = "Chimichanga Studio";
				TargetAttributes = {
					865002D122DE87F2002C7605 = {
						CreatedOnToolsVersion = 11.0;
					};
					865002EA22DE87F3002C7605 = {
						CreatedOnToolsVersion = 11.0;
						TestTargetID = 865002D122DE87F2002C7605;
					};
					865002F522DE87F3002C7605 = {
						CreatedOnToolsVersion = 11.0;
						TestTargetID = 865002D122DE87F2002C7605;
					};
				};
			};
			buildConfigurationList = 865002CD22DE87F2002C7605 /* Build configuration list for PBXProject "MiSaldo" */;
			compatibilityVersion = "Xcode 9.3";
			developmentRegion = en;
			hasScannedForEncodings = 0;
			knownRegions = (
				en,
				Base,
			);
			mainGroup = 865002C922DE87F2002C7605;
			productRefGroup = 865002D322DE87F2002C7605 /* Products */;
			projectDirPath = "";
			projectRoot = "";
			targets = (
				865002D122DE87F2002C7605 /* MiSaldo */,
				865002EA22DE87F3002C7605 /* MiSaldoTests */,
				865002F522DE87F3002C7605 /* MiSaldoUITests */,
			);
		};
/* End PBXProject section */

/* Begin PBXResourcesBuildPhase section */
		865002D022DE87F2002C7605 /* Resources */ = {
			isa = PBXResourcesBuildPhase;
			buildActionMask = 2147483647;
			files = (
				865002E522DE87F3002C7605 /* LaunchScreen.storyboard in Resources */,
				86730ECD22DE896300B79331 /* Colors.xcassets in Resources */,
				865002DF22DE87F3002C7605 /* Assets.xcassets in Resources */,
			);
			runOnlyForDeploymentPostprocessing = 0;
		};
		865002E922DE87F3002C7605 /* Resources */ = {
			isa = PBXResourcesBuildPhase;
			buildActionMask = 2147483647;
			files = (
			);
			runOnlyForDeploymentPostprocessing = 0;
		};
		865002F422DE87F3002C7605 /* Resources */ = {
			isa = PBXResourcesBuildPhase;
			buildActionMask = 2147483647;
			files = (
			);
			runOnlyForDeploymentPostprocessing = 0;
		};
/* End PBXResourcesBuildPhase section */

/* Begin PBXSourcesBuildPhase section */
		865002CE22DE87F2002C7605 /* Sources */ = {
			isa = PBXSourcesBuildPhase;
			buildActionMask = 2147483647;
			files = (
				86730EC722DE894E00B79331 /* CardViewModel.swift in Sources */,
				86D82DE922DEB01700367AFA /* HomeView.swift in Sources */,
				866C1D0E22E00BF900EB2AB6 /* CardIDLabelView.swift in Sources */,
				86D82DE722DEA5F800367AFA /* ViewActions.swift in Sources */,
				866C1D1422E0186E00EB2AB6 /* PrimaryButton.swift in Sources */,
				86730EC922DE894E00B79331 /* CardsStackView.swift in Sources */,
				8626E0FA22E37D2400E563A8 /* RatesListView.swift in Sources */,
				86D82DDD22DE9DB700367AFA /* ViewState.swift in Sources */,
				866C1D1022E00EEE00EB2AB6 /* CardGeneralInfoView.swift in Sources */,
				86D82DE522DE9FDA00367AFA /* HomeState.swift in Sources */,
				86D82DE222DE9F5C00367AFA /* HomeStore.swift in Sources */,
				8626E0FE22E3850900E563A8 /* ValuesDescriptionView.swift in Sources */,
				866C1D1622E0192F00EB2AB6 /* SecondaryButton.swift in Sources */,
				86D82DDB22DE9D5A00367AFA /* Store.swift in Sources */,
				86D82DF122DEC74200367AFA /* ValueDescriptionView.swift in Sources */,
				8649196822E3600B00ACAE24 /* CardDetailTopBarView.swift in Sources */,
				865002D622DE87F2002C7605 /* AppDelegate.swift in Sources */,
				86D82DEB22DEC18900367AFA /* HomeActions.swift in Sources */,
				86730EBB22DE891F00B79331 /* SceneDelegate.swift in Sources */,
				86730EC822DE894E00B79331 /* CardView.swift in Sources */,
				86730ECA22DE894E00B79331 /* BalanceView.swift in Sources */,
				86D82DEF22DEC39C00367AFA /* CardsDetailView.swift in Sources */,
				8626E10222E38DC500E563A8 /* RateViewModel.swift in Sources */,
				8626E10022E38BF200E563A8 /* RateView.swift in Sources */,
			);
			runOnlyForDeploymentPostprocessing = 0;
		};
		865002E722DE87F3002C7605 /* Sources */ = {
			isa = PBXSourcesBuildPhase;
			buildActionMask = 2147483647;
			files = (
				865002F022DE87F3002C7605 /* MiSaldoTests.swift in Sources */,
			);
			runOnlyForDeploymentPostprocessing = 0;
		};
		865002F222DE87F3002C7605 /* Sources */ = {
			isa = PBXSourcesBuildPhase;
			buildActionMask = 2147483647;
			files = (
				865002FB22DE87F3002C7605 /* MiSaldoUITests.swift in Sources */,
			);
			runOnlyForDeploymentPostprocessing = 0;
		};
/* End PBXSourcesBuildPhase section */

/* Begin PBXTargetDependency section */
		865002ED22DE87F3002C7605 /* PBXTargetDependency */ = {
			isa = PBXTargetDependency;
			target = 865002D122DE87F2002C7605 /* MiSaldo */;
			targetProxy = 865002EC22DE87F3002C7605 /* PBXContainerItemProxy */;
		};
		865002F822DE87F3002C7605 /* PBXTargetDependency */ = {
			isa = PBXTargetDependency;
			target = 865002D122DE87F2002C7605 /* MiSaldo */;
			targetProxy = 865002F722DE87F3002C7605 /* PBXContainerItemProxy */;
		};
/* End PBXTargetDependency section */

/* Begin PBXVariantGroup section */
		865002E322DE87F3002C7605 /* LaunchScreen.storyboard */ = {
			isa = PBXVariantGroup;
			children = (
				865002E422DE87F3002C7605 /* Base */,
			);
			name = LaunchScreen.storyboard;
			sourceTree = "<group>";
		};
/* End PBXVariantGroup section */

/* Begin XCBuildConfiguration section */
		865002FD22DE87F3002C7605 /* Debug */ = {
			isa = XCBuildConfiguration;
			buildSettings = {
				ALWAYS_SEARCH_USER_PATHS = NO;
				CLANG_ANALYZER_NONNULL = YES;
				CLANG_ANALYZER_NUMBER_OBJECT_CONVERSION = YES_AGGRESSIVE;
				CLANG_CXX_LANGUAGE_STANDARD = "gnu++14";
				CLANG_CXX_LIBRARY = "libc++";
				CLANG_ENABLE_MODULES = YES;
				CLANG_ENABLE_OBJC_ARC = YES;
				CLANG_ENABLE_OBJC_WEAK = YES;
				CLANG_WARN_BLOCK_CAPTURE_AUTORELEASING = YES;
				CLANG_WARN_BOOL_CONVERSION = YES;
				CLANG_WARN_COMMA = YES;
				CLANG_WARN_CONSTANT_CONVERSION = YES;
				CLANG_WARN_DEPRECATED_OBJC_IMPLEMENTATIONS = YES;
				CLANG_WARN_DIRECT_OBJC_ISA_USAGE = YES_ERROR;
				CLANG_WARN_DOCUMENTATION_COMMENTS = YES;
				CLANG_WARN_EMPTY_BODY = YES;
				CLANG_WARN_ENUM_CONVERSION = YES;
				CLANG_WARN_INFINITE_RECURSION = YES;
				CLANG_WARN_INT_CONVERSION = YES;
				CLANG_WARN_NON_LITERAL_NULL_CONVERSION = YES;
				CLANG_WARN_OBJC_IMPLICIT_RETAIN_SELF = YES;
				CLANG_WARN_OBJC_LITERAL_CONVERSION = YES;
				CLANG_WARN_OBJC_ROOT_CLASS = YES_ERROR;
				CLANG_WARN_RANGE_LOOP_ANALYSIS = YES;
				CLANG_WARN_STRICT_PROTOTYPES = YES;
				CLANG_WARN_SUSPICIOUS_MOVE = YES;
				CLANG_WARN_UNGUARDED_AVAILABILITY = YES_AGGRESSIVE;
				CLANG_WARN_UNREACHABLE_CODE = YES;
				CLANG_WARN__DUPLICATE_METHOD_MATCH = YES;
				COPY_PHASE_STRIP = NO;
				DEBUG_INFORMATION_FORMAT = dwarf;
				ENABLE_STRICT_OBJC_MSGSEND = YES;
				ENABLE_TESTABILITY = YES;
				GCC_C_LANGUAGE_STANDARD = gnu11;
				GCC_DYNAMIC_NO_PIC = NO;
				GCC_NO_COMMON_BLOCKS = YES;
				GCC_OPTIMIZATION_LEVEL = 0;
				GCC_PREPROCESSOR_DEFINITIONS = (
					"DEBUG=1",
					"$(inherited)",
				);
				GCC_WARN_64_TO_32_BIT_CONVERSION = YES;
				GCC_WARN_ABOUT_RETURN_TYPE = YES_ERROR;
				GCC_WARN_UNDECLARED_SELECTOR = YES;
				GCC_WARN_UNINITIALIZED_AUTOS = YES_AGGRESSIVE;
				GCC_WARN_UNUSED_FUNCTION = YES;
				GCC_WARN_UNUSED_VARIABLE = YES;
				IPHONEOS_DEPLOYMENT_TARGET = 13.0;
				MTL_ENABLE_DEBUG_INFO = INCLUDE_SOURCE;
				MTL_FAST_MATH = YES;
				ONLY_ACTIVE_ARCH = YES;
				SDKROOT = iphoneos;
				SWIFT_ACTIVE_COMPILATION_CONDITIONS = DEBUG;
				SWIFT_OPTIMIZATION_LEVEL = "-Onone";
			};
			name = Debug;
		};
		865002FE22DE87F3002C7605 /* Release */ = {
			isa = XCBuildConfiguration;
			buildSettings = {
				ALWAYS_SEARCH_USER_PATHS = NO;
				CLANG_ANALYZER_NONNULL = YES;
				CLANG_ANALYZER_NUMBER_OBJECT_CONVERSION = YES_AGGRESSIVE;
				CLANG_CXX_LANGUAGE_STANDARD = "gnu++14";
				CLANG_CXX_LIBRARY = "libc++";
				CLANG_ENABLE_MODULES = YES;
				CLANG_ENABLE_OBJC_ARC = YES;
				CLANG_ENABLE_OBJC_WEAK = YES;
				CLANG_WARN_BLOCK_CAPTURE_AUTORELEASING = YES;
				CLANG_WARN_BOOL_CONVERSION = YES;
				CLANG_WARN_COMMA = YES;
				CLANG_WARN_CONSTANT_CONVERSION = YES;
				CLANG_WARN_DEPRECATED_OBJC_IMPLEMENTATIONS = YES;
				CLANG_WARN_DIRECT_OBJC_ISA_USAGE = YES_ERROR;
				CLANG_WARN_DOCUMENTATION_COMMENTS = YES;
				CLANG_WARN_EMPTY_BODY = YES;
				CLANG_WARN_ENUM_CONVERSION = YES;
				CLANG_WARN_INFINITE_RECURSION = YES;
				CLANG_WARN_INT_CONVERSION = YES;
				CLANG_WARN_NON_LITERAL_NULL_CONVERSION = YES;
				CLANG_WARN_OBJC_IMPLICIT_RETAIN_SELF = YES;
				CLANG_WARN_OBJC_LITERAL_CONVERSION = YES;
				CLANG_WARN_OBJC_ROOT_CLASS = YES_ERROR;
				CLANG_WARN_RANGE_LOOP_ANALYSIS = YES;
				CLANG_WARN_STRICT_PROTOTYPES = YES;
				CLANG_WARN_SUSPICIOUS_MOVE = YES;
				CLANG_WARN_UNGUARDED_AVAILABILITY = YES_AGGRESSIVE;
				CLANG_WARN_UNREACHABLE_CODE = YES;
				CLANG_WARN__DUPLICATE_METHOD_MATCH = YES;
				COPY_PHASE_STRIP = NO;
				DEBUG_INFORMATION_FORMAT = "dwarf-with-dsym";
				ENABLE_NS_ASSERTIONS = NO;
				ENABLE_STRICT_OBJC_MSGSEND = YES;
				GCC_C_LANGUAGE_STANDARD = gnu11;
				GCC_NO_COMMON_BLOCKS = YES;
				GCC_WARN_64_TO_32_BIT_CONVERSION = YES;
				GCC_WARN_ABOUT_RETURN_TYPE = YES_ERROR;
				GCC_WARN_UNDECLARED_SELECTOR = YES;
				GCC_WARN_UNINITIALIZED_AUTOS = YES_AGGRESSIVE;
				GCC_WARN_UNUSED_FUNCTION = YES;
				GCC_WARN_UNUSED_VARIABLE = YES;
				IPHONEOS_DEPLOYMENT_TARGET = 13.0;
				MTL_ENABLE_DEBUG_INFO = NO;
				MTL_FAST_MATH = YES;
				SDKROOT = iphoneos;
				SWIFT_COMPILATION_MODE = wholemodule;
				SWIFT_OPTIMIZATION_LEVEL = "-O";
				VALIDATE_PRODUCT = YES;
			};
			name = Release;
		};
		8650030022DE87F3002C7605 /* Debug */ = {
			isa = XCBuildConfiguration;
			buildSettings = {
				ASSETCATALOG_COMPILER_APPICON_NAME = AppIcon;
				CODE_SIGN_STYLE = Automatic;
				DEVELOPMENT_ASSET_PATHS = "";
				DEVELOPMENT_TEAM = G79YXHT3W3;
				ENABLE_PREVIEWS = YES;
				INFOPLIST_FILE = MiSaldo/Info.plist;
				LD_RUNPATH_SEARCH_PATHS = (
					"$(inherited)",
					"@executable_path/Frameworks",
				);
				PRODUCT_BUNDLE_IDENTIFIER = com.chimichangastudio.MiSaldo;
				PRODUCT_NAME = "$(TARGET_NAME)";
				SWIFT_VERSION = 5.0;
				TARGETED_DEVICE_FAMILY = "1,2";
			};
			name = Debug;
		};
		8650030122DE87F3002C7605 /* Release */ = {
			isa = XCBuildConfiguration;
			buildSettings = {
				ASSETCATALOG_COMPILER_APPICON_NAME = AppIcon;
				CODE_SIGN_STYLE = Automatic;
				DEVELOPMENT_ASSET_PATHS = "";
				DEVELOPMENT_TEAM = G79YXHT3W3;
				ENABLE_PREVIEWS = YES;
				INFOPLIST_FILE = MiSaldo/Info.plist;
				LD_RUNPATH_SEARCH_PATHS = (
					"$(inherited)",
					"@executable_path/Frameworks",
				);
				PRODUCT_BUNDLE_IDENTIFIER = com.chimichangastudio.MiSaldo;
				PRODUCT_NAME = "$(TARGET_NAME)";
				SWIFT_VERSION = 5.0;
				TARGETED_DEVICE_FAMILY = "1,2";
			};
			name = Release;
		};
		8650030322DE87F3002C7605 /* Debug */ = {
			isa = XCBuildConfiguration;
			buildSettings = {
				ALWAYS_EMBED_SWIFT_STANDARD_LIBRARIES = YES;
				BUNDLE_LOADER = "$(TEST_HOST)";
				CODE_SIGN_STYLE = Automatic;
				INFOPLIST_FILE = MiSaldoTests/Info.plist;
				LD_RUNPATH_SEARCH_PATHS = (
					"$(inherited)",
					"@executable_path/Frameworks",
					"@loader_path/Frameworks",
				);
				PRODUCT_BUNDLE_IDENTIFIER = com.chimichangastudio.MiSaldoTests;
				PRODUCT_NAME = "$(TARGET_NAME)";
				SWIFT_VERSION = 5.0;
				TARGETED_DEVICE_FAMILY = "1,2";
				TEST_HOST = "$(BUILT_PRODUCTS_DIR)/MiSaldo.app/MiSaldo";
			};
			name = Debug;
		};
		8650030422DE87F3002C7605 /* Release */ = {
			isa = XCBuildConfiguration;
			buildSettings = {
				ALWAYS_EMBED_SWIFT_STANDARD_LIBRARIES = YES;
				BUNDLE_LOADER = "$(TEST_HOST)";
				CODE_SIGN_STYLE = Automatic;
				INFOPLIST_FILE = MiSaldoTests/Info.plist;
				LD_RUNPATH_SEARCH_PATHS = (
					"$(inherited)",
					"@executable_path/Frameworks",
					"@loader_path/Frameworks",
				);
				PRODUCT_BUNDLE_IDENTIFIER = com.chimichangastudio.MiSaldoTests;
				PRODUCT_NAME = "$(TARGET_NAME)";
				SWIFT_VERSION = 5.0;
				TARGETED_DEVICE_FAMILY = "1,2";
				TEST_HOST = "$(BUILT_PRODUCTS_DIR)/MiSaldo.app/MiSaldo";
			};
			name = Release;
		};
		8650030622DE87F3002C7605 /* Debug */ = {
			isa = XCBuildConfiguration;
			buildSettings = {
				ALWAYS_EMBED_SWIFT_STANDARD_LIBRARIES = YES;
				CODE_SIGN_STYLE = Automatic;
				INFOPLIST_FILE = MiSaldoUITests/Info.plist;
				LD_RUNPATH_SEARCH_PATHS = (
					"$(inherited)",
					"@executable_path/Frameworks",
					"@loader_path/Frameworks",
				);
				PRODUCT_BUNDLE_IDENTIFIER = com.chimichangastudio.MiSaldoUITests;
				PRODUCT_NAME = "$(TARGET_NAME)";
				SWIFT_VERSION = 5.0;
				TARGETED_DEVICE_FAMILY = "1,2";
				TEST_TARGET_NAME = MiSaldo;
			};
			name = Debug;
		};
		8650030722DE87F3002C7605 /* Release */ = {
			isa = XCBuildConfiguration;
			buildSettings = {
				ALWAYS_EMBED_SWIFT_STANDARD_LIBRARIES = YES;
				CODE_SIGN_STYLE = Automatic;
				INFOPLIST_FILE = MiSaldoUITests/Info.plist;
				LD_RUNPATH_SEARCH_PATHS = (
					"$(inherited)",
					"@executable_path/Frameworks",
					"@loader_path/Frameworks",
				);
				PRODUCT_BUNDLE_IDENTIFIER = com.chimichangastudio.MiSaldoUITests;
				PRODUCT_NAME = "$(TARGET_NAME)";
				SWIFT_VERSION = 5.0;
				TARGETED_DEVICE_FAMILY = "1,2";
				TEST_TARGET_NAME = MiSaldo;
			};
			name = Release;
		};
/* End XCBuildConfiguration section */

/* Begin XCConfigurationList section */
		865002CD22DE87F2002C7605 /* Build configuration list for PBXProject "MiSaldo" */ = {
			isa = XCConfigurationList;
			buildConfigurations = (
				865002FD22DE87F3002C7605 /* Debug */,
				865002FE22DE87F3002C7605 /* Release */,
			);
			defaultConfigurationIsVisible = 0;
			defaultConfigurationName = Release;
		};
		865002FF22DE87F3002C7605 /* Build configuration list for PBXNativeTarget "MiSaldo" */ = {
			isa = XCConfigurationList;
			buildConfigurations = (
				8650030022DE87F3002C7605 /* Debug */,
				8650030122DE87F3002C7605 /* Release */,
			);
			defaultConfigurationIsVisible = 0;
			defaultConfigurationName = Release;
		};
		8650030222DE87F3002C7605 /* Build configuration list for PBXNativeTarget "MiSaldoTests" */ = {
			isa = XCConfigurationList;
			buildConfigurations = (
				8650030322DE87F3002C7605 /* Debug */,
				8650030422DE87F3002C7605 /* Release */,
			);
			defaultConfigurationIsVisible = 0;
			defaultConfigurationName = Release;
		};
		8650030522DE87F3002C7605 /* Build configuration list for PBXNativeTarget "MiSaldoUITests" */ = {
			isa = XCConfigurationList;
			buildConfigurations = (
				8650030622DE87F3002C7605 /* Debug */,
				8650030722DE87F3002C7605 /* Release */,
			);
			defaultConfigurationIsVisible = 0;
			defaultConfigurationName = Release;
		};
/* End XCConfigurationList section */
	};
	rootObject = 865002CA22DE87F2002C7605 /* Project object */;
}
